
Microsoft Visual Studio Solution File, Format Version 12.00
Project("{FAE04EC0-301F-11D3-BF4B-00C04F79EFBC}") = "ChunPingMech", "ChunPingMech.csproj", "{A80C1764-E7A7-4C37-BD27-9A13B1ABF257}"
EndProject
Global
	GlobalSection(SolutionConfigurationPlatforms) = preSolution
		Debug|Any CPU = Debug|Any CPU
		Release|Any CPU = Release|Any CPU
	EndGlobalSection
	GlobalSection(ProjectConfigurationPlatforms) = postSolution
		{A80C1764-E7A7-4C37-BD27-9A13B1ABF257}.Debug|Any CPU.ActiveCfg = Debug|Any CPU
		{A80C1764-E7A7-4C37-BD27-9A13B1ABF257}.Debug|Any CPU.Build.0 = Debug|Any CPU
		{A80C1764-E7A7-4C37-BD27-9A13B1ABF257}.Release|Any CPU.ActiveCfg = Release|Any CPU
		{A80C1764-E7A7-4C37-BD27-9A13B1ABF257}.Release|Any CPU.Build.0 = Release|Any CPU
	EndGlobalSection
EndGlobal
